
Microsoft Visual Studio Solution File, Format Version 12.00
# Visual Studio Version 17
VisualStudioVersion = 17.11.35312.102
MinimumVisualStudioVersion = 10.0.40219.1
Project("{FAE04EC0-301F-11D3-BF4B-00C04F79EFBC}") = "PartsManagementTool.Core", "PartsManagementTool.Core\PartsManagementTool.Core.csproj", "{63EB3676-835A-4CC2-99BD-F30C108607D2}"
EndProject
Global
	GlobalSection(SolutionConfigurationPlatforms) = preSolution
		Debug|Any CPU = Debug|Any CPU
		Release|Any CPU = Release|Any CPU
	EndGlobalSection
	GlobalSection(ProjectConfigurationPlatforms) = postSolution
		{63EB3676-835A-4CC2-99BD-F30C108607D2}.Debug|Any CPU.ActiveCfg = Debug|Any CPU
		{63EB3676-835A-4CC2-99BD-F30C108607D2}.Debug|Any CPU.Build.0 = Debug|Any CPU
		{63EB3676-835A-4CC2-99BD-F30C108607D2}.Release|Any CPU.ActiveCfg = Release|Any CPU
		{63EB3676-835A-4CC2-99BD-F30C108607D2}.Release|Any CPU.Build.0 = Release|Any CPU
	EndGlobalSection
	GlobalSection(SolutionProperties) = preSolution
		HideSolutionNode = FALSE
	EndGlobalSection
	GlobalSection(ExtensibilityGlobals) = postSolution
		SolutionGuid = {82AD805E-99D7-44A5-9858-AD504DBCF5B2}
	EndGlobalSection
EndGlobal
